
Microsoft Visual Studio Solution File, Format Version 12.00
# Visual Studio Version 16
VisualStudioVersion = 16.0.29519.87
MinimumVisualStudioVersion = 10.0.40219.1
Project("{FAE04EC0-301F-11D3-BF4B-00C04F79EFBC}") = "Consolidado_Grupo_ 301305_24", "Consolidado_Grupo_ 301305_24\Consolidado_Grupo_ 301305_24.csproj", "{5B426AC9-048E-403D-8543-4AD8D14382BA}"
EndProject
Project("{FAE04EC0-301F-11D3-BF4B-00C04F79EFBC}") = "Etapa 2 - Katerine Ipuz Lopez", "..\Etapa 2 - Katerine Ipuz Lopez\Etapa 2 - Katerine Ipuz Lopez\Etapa 2 - Katerine Ipuz Lopez.csproj", "{A955C69F-50C3-47FF-997B-A950E81D0D42}"
EndProject
Project("{FAE04EC0-301F-11D3-BF4B-00C04F79EFBC}") = "Etapa 3 - Katerine Ipuz Lopez", "..\Etapa 3 - Katerine Ipuz Lopez\Etapa 3 - Katerine Ipuz Lopez\Etapa 3 - Katerine Ipuz Lopez.csproj", "{1B51658E-014F-4D75-ADA1-1B4C9558663B}"
EndProject
Project("{FAE04EC0-301F-11D3-BF4B-00C04F79EFBC}") = "Etapa 4 - Katerine Ipuz Lopez", "..\Etapa 4 - Katerine Ipuz Lopez\Etapa 4 - Katerine Ipuz Lopez2\Etapa 4 - Katerine Ipuz Lopez.csproj", "{8A25D43D-192B-4126-9BE9-23B1A2E82104}"
EndProject
Global
	GlobalSection(SolutionConfigurationPlatforms) = preSolution
		Debug|Any CPU = Debug|Any CPU
		Release|Any CPU = Release|Any CPU
	EndGlobalSection
	GlobalSection(ProjectConfigurationPlatforms) = postSolution
		{5B426AC9-048E-403D-8543-4AD8D14382BA}.Debug|Any CPU.ActiveCfg = Debug|Any CPU
		{5B426AC9-048E-403D-8543-4AD8D14382BA}.Debug|Any CPU.Build.0 = Debug|Any CPU
		{5B426AC9-048E-403D-8543-4AD8D14382BA}.Release|Any CPU.ActiveCfg = Release|Any CPU
		{5B426AC9-048E-403D-8543-4AD8D14382BA}.Release|Any CPU.Build.0 = Release|Any CPU
		{A955C69F-50C3-47FF-997B-A950E81D0D42}.Debug|Any CPU.ActiveCfg = Debug|Any CPU
		{A955C69F-50C3-47FF-997B-A950E81D0D42}.Debug|Any CPU.Build.0 = Debug|Any CPU
		{A955C69F-50C3-47FF-997B-A950E81D0D42}.Release|Any CPU.ActiveCfg = Release|Any CPU
		{A955C69F-50C3-47FF-997B-A950E81D0D42}.Release|Any CPU.Build.0 = Release|Any CPU
		{1B51658E-014F-4D75-ADA1-1B4C9558663B}.Debug|Any CPU.ActiveCfg = Debug|Any CPU
		{1B51658E-014F-4D75-ADA1-1B4C9558663B}.Debug|Any CPU.Build.0 = Debug|Any CPU
		{1B51658E-014F-4D75-ADA1-1B4C9558663B}.Release|Any CPU.ActiveCfg = Release|Any CPU
		{1B51658E-014F-4D75-ADA1-1B4C9558663B}.Release|Any CPU.Build.0 = Release|Any CPU
		{8A25D43D-192B-4126-9BE9-23B1A2E82104}.Debug|Any CPU.ActiveCfg = Debug|Any CPU
		{8A25D43D-192B-4126-9BE9-23B1A2E82104}.Debug|Any CPU.Build.0 = Debug|Any CPU
		{8A25D43D-192B-4126-9BE9-23B1A2E82104}.Release|Any CPU.ActiveCfg = Release|Any CPU
		{8A25D43D-192B-4126-9BE9-23B1A2E82104}.Release|Any CPU.Build.0 = Release|Any CPU
	EndGlobalSection
	GlobalSection(SolutionProperties) = preSolution
		HideSolutionNode = FALSE
	EndGlobalSection
	GlobalSection(ExtensibilityGlobals) = postSolution
		SolutionGuid = {54232E8B-7C43-4209-AA63-6E7A297D3399}
	EndGlobalSection
EndGlobal
