
Microsoft Visual Studio Solution File, Format Version 12.00
# Visual Studio Version 16
VisualStudioVersion = 16.0.29230.47
MinimumVisualStudioVersion = 10.0.40219.1
Project("{FAE04EC0-301F-11D3-BF4B-00C04F79EFBC}") = "Etapa 3 - Katerine Ipuz Lopez", "Etapa 3 - Katerine Ipuz Lopez\Etapa 3 - Katerine Ipuz Lopez.csproj", "{1B51658E-014F-4D75-ADA1-1B4C9558663B}"
EndProject
Global
	GlobalSection(SolutionConfigurationPlatforms) = preSolution
		Debug|Any CPU = Debug|Any CPU
		Release|Any CPU = Release|Any CPU
	EndGlobalSection
	GlobalSection(ProjectConfigurationPlatforms) = postSolution
		{1B51658E-014F-4D75-ADA1-1B4C9558663B}.Debug|Any CPU.ActiveCfg = Debug|Any CPU
		{1B51658E-014F-4D75-ADA1-1B4C9558663B}.Debug|Any CPU.Build.0 = Debug|Any CPU
		{1B51658E-014F-4D75-ADA1-1B4C9558663B}.Release|Any CPU.ActiveCfg = Release|Any CPU
		{1B51658E-014F-4D75-ADA1-1B4C9558663B}.Release|Any CPU.Build.0 = Release|Any CPU
	EndGlobalSection
	GlobalSection(SolutionProperties) = preSolution
		HideSolutionNode = FALSE
	EndGlobalSection
	GlobalSection(ExtensibilityGlobals) = postSolution
		SolutionGuid = {CB69B01D-3E53-435B-9BE8-FCFE8A939CC6}
	EndGlobalSection
EndGlobal
