
Microsoft Visual Studio Solution File, Format Version 12.00
# Visual Studio Version 16
VisualStudioVersion = 16.0.29519.87
MinimumVisualStudioVersion = 10.0.40219.1
Project("{FAE04EC0-301F-11D3-BF4B-00C04F79EFBC}") = "Etapa 4 - Katerine Ipuz Lopez", "Etapa 4 - Katerine Ipuz Lopez2\Etapa 4 - Katerine Ipuz Lopez.csproj", "{8A25D43D-192B-4126-9BE9-23B1A2E82104}"
EndProject
Global
	GlobalSection(SolutionConfigurationPlatforms) = preSolution
		Debug|Any CPU = Debug|Any CPU
		Release|Any CPU = Release|Any CPU
	EndGlobalSection
	GlobalSection(ProjectConfigurationPlatforms) = postSolution
		{8A25D43D-192B-4126-9BE9-23B1A2E82104}.Debug|Any CPU.ActiveCfg = Debug|Any CPU
		{8A25D43D-192B-4126-9BE9-23B1A2E82104}.Debug|Any CPU.Build.0 = Debug|Any CPU
		{8A25D43D-192B-4126-9BE9-23B1A2E82104}.Release|Any CPU.ActiveCfg = Release|Any CPU
		{8A25D43D-192B-4126-9BE9-23B1A2E82104}.Release|Any CPU.Build.0 = Release|Any CPU
	EndGlobalSection
	GlobalSection(SolutionProperties) = preSolution
		HideSolutionNode = FALSE
	EndGlobalSection
	GlobalSection(ExtensibilityGlobals) = postSolution
		SolutionGuid = {7149139B-4DC2-4559-BF97-BF7662EF6E18}
	EndGlobalSection
EndGlobal
